
Microsoft Visual Studio Solution File, Format Version 12.00
# Visual Studio Version 17
VisualStudioVersion = 17.1.31911.260
MinimumVisualStudioVersion = 10.0.40219.1
Project("{2150E333-8FDC-42A3-9474-1A3956D46DE8}") = "ADO.NET", "ADO.NET", "{7D31EED2-58D4-4C37-8470-E90DAE98AD1B}"
EndProject
Project("{FAE04EC0-301F-11D3-BF4B-00C04F79EFBC}") = "1_ADO.NET_Connected", "1_ADO.NET_Connected\1_ADO.NET_Connected.csproj", "{7FEC9FF5-A2A6-4811-A393-F81A1C27FEA7}"
EndProject
Project("{FAE04EC0-301F-11D3-BF4B-00C04F79EFBC}") = "2_ADO.NET_Connected", "2_ADO.NET_Connected\2_ADO.NET_Connected.csproj", "{FE935495-567F-44D7-9B9D-ADCACE2173DD}"
EndProject
Project("{FAE04EC0-301F-11D3-BF4B-00C04F79EFBC}") = "3_ADO.NET_AdresDefteri", "3_ADO.NET_AdresDefteri\3_ADO.NET_AdresDefteri.csproj", "{172CC452-9F7E-4726-B282-815F33896946}"
EndProject
Project("{FAE04EC0-301F-11D3-BF4B-00C04F79EFBC}") = "4_ADO.NET_Disconnected", "4_ADO.NET_Disconnected\4_ADO.NET_Disconnected.csproj", "{EB4CFEF2-9714-4354-A09C-B72CC806E734}"
EndProject
Project("{FAE04EC0-301F-11D3-BF4B-00C04F79EFBC}") = "5_ADO.NET_Disconnected", "5_ADO.NET_Disconnected\5_ADO.NET_Disconnected.csproj", "{7D0A761D-78A8-4015-B143-38F82AC16B93}"
EndProject
Project("{FAE04EC0-301F-11D3-BF4B-00C04F79EFBC}") = "XML_Giris", "XML_Giris\XML_Giris.csproj", "{0A233637-BDE1-4EBF-9A57-AD6144EBA924}"
EndProject
Project("{FAE04EC0-301F-11D3-BF4B-00C04F79EFBC}") = "XML_Devam", "XML_Devam\XML_Devam.csproj", "{728BEE73-ED0F-4001-9FE5-3F5F18F5FD8B}"
EndProject
Global
	GlobalSection(SolutionConfigurationPlatforms) = preSolution
		Debug|Any CPU = Debug|Any CPU
		Release|Any CPU = Release|Any CPU
	EndGlobalSection
	GlobalSection(ProjectConfigurationPlatforms) = postSolution
		{7FEC9FF5-A2A6-4811-A393-F81A1C27FEA7}.Debug|Any CPU.ActiveCfg = Debug|Any CPU
		{7FEC9FF5-A2A6-4811-A393-F81A1C27FEA7}.Debug|Any CPU.Build.0 = Debug|Any CPU
		{7FEC9FF5-A2A6-4811-A393-F81A1C27FEA7}.Release|Any CPU.ActiveCfg = Release|Any CPU
		{7FEC9FF5-A2A6-4811-A393-F81A1C27FEA7}.Release|Any CPU.Build.0 = Release|Any CPU
		{FE935495-567F-44D7-9B9D-ADCACE2173DD}.Debug|Any CPU.ActiveCfg = Debug|Any CPU
		{FE935495-567F-44D7-9B9D-ADCACE2173DD}.Debug|Any CPU.Build.0 = Debug|Any CPU
		{FE935495-567F-44D7-9B9D-ADCACE2173DD}.Release|Any CPU.ActiveCfg = Release|Any CPU
		{FE935495-567F-44D7-9B9D-ADCACE2173DD}.Release|Any CPU.Build.0 = Release|Any CPU
		{172CC452-9F7E-4726-B282-815F33896946}.Debug|Any CPU.ActiveCfg = Debug|Any CPU
		{172CC452-9F7E-4726-B282-815F33896946}.Debug|Any CPU.Build.0 = Debug|Any CPU
		{172CC452-9F7E-4726-B282-815F33896946}.Release|Any CPU.ActiveCfg = Release|Any CPU
		{172CC452-9F7E-4726-B282-815F33896946}.Release|Any CPU.Build.0 = Release|Any CPU
		{EB4CFEF2-9714-4354-A09C-B72CC806E734}.Debug|Any CPU.ActiveCfg = Debug|Any CPU
		{EB4CFEF2-9714-4354-A09C-B72CC806E734}.Debug|Any CPU.Build.0 = Debug|Any CPU
		{EB4CFEF2-9714-4354-A09C-B72CC806E734}.Release|Any CPU.ActiveCfg = Release|Any CPU
		{EB4CFEF2-9714-4354-A09C-B72CC806E734}.Release|Any CPU.Build.0 = Release|Any CPU
		{7D0A761D-78A8-4015-B143-38F82AC16B93}.Debug|Any CPU.ActiveCfg = Debug|Any CPU
		{7D0A761D-78A8-4015-B143-38F82AC16B93}.Debug|Any CPU.Build.0 = Debug|Any CPU
		{7D0A761D-78A8-4015-B143-38F82AC16B93}.Release|Any CPU.ActiveCfg = Release|Any CPU
		{7D0A761D-78A8-4015-B143-38F82AC16B93}.Release|Any CPU.Build.0 = Release|Any CPU
		{0A233637-BDE1-4EBF-9A57-AD6144EBA924}.Debug|Any CPU.ActiveCfg = Debug|Any CPU
		{0A233637-BDE1-4EBF-9A57-AD6144EBA924}.Debug|Any CPU.Build.0 = Debug|Any CPU
		{0A233637-BDE1-4EBF-9A57-AD6144EBA924}.Release|Any CPU.ActiveCfg = Release|Any CPU
		{0A233637-BDE1-4EBF-9A57-AD6144EBA924}.Release|Any CPU.Build.0 = Release|Any CPU
		{728BEE73-ED0F-4001-9FE5-3F5F18F5FD8B}.Debug|Any CPU.ActiveCfg = Debug|Any CPU
		{728BEE73-ED0F-4001-9FE5-3F5F18F5FD8B}.Debug|Any CPU.Build.0 = Debug|Any CPU
		{728BEE73-ED0F-4001-9FE5-3F5F18F5FD8B}.Release|Any CPU.ActiveCfg = Release|Any CPU
		{728BEE73-ED0F-4001-9FE5-3F5F18F5FD8B}.Release|Any CPU.Build.0 = Release|Any CPU
	EndGlobalSection
	GlobalSection(SolutionProperties) = preSolution
		HideSolutionNode = FALSE
	EndGlobalSection
	GlobalSection(NestedProjects) = preSolution
		{7FEC9FF5-A2A6-4811-A393-F81A1C27FEA7} = {7D31EED2-58D4-4C37-8470-E90DAE98AD1B}
		{FE935495-567F-44D7-9B9D-ADCACE2173DD} = {7D31EED2-58D4-4C37-8470-E90DAE98AD1B}
		{172CC452-9F7E-4726-B282-815F33896946} = {7D31EED2-58D4-4C37-8470-E90DAE98AD1B}
		{EB4CFEF2-9714-4354-A09C-B72CC806E734} = {7D31EED2-58D4-4C37-8470-E90DAE98AD1B}
		{7D0A761D-78A8-4015-B143-38F82AC16B93} = {7D31EED2-58D4-4C37-8470-E90DAE98AD1B}
		{0A233637-BDE1-4EBF-9A57-AD6144EBA924} = {7D31EED2-58D4-4C37-8470-E90DAE98AD1B}
		{728BEE73-ED0F-4001-9FE5-3F5F18F5FD8B} = {7D31EED2-58D4-4C37-8470-E90DAE98AD1B}
	EndGlobalSection
	GlobalSection(ExtensibilityGlobals) = postSolution
		SolutionGuid = {02A377BE-2227-4E5C-9843-B24BBE47B752}
	EndGlobalSection
EndGlobal
